
Microsoft Visual Studio Solution File, Format Version 12.00
# Visual Studio Version 16
VisualStudioVersion = 16.0.29009.5
MinimumVisualStudioVersion = 10.0.40219.1
Project("{8BC9CEB8-8B4A-11D0-8D11-00A0C91BC942}") = "1_C++Programming FeedForward", "1_C++Programming FeedForward\1_C++Programming FeedForward.vcxproj", "{290B3D63-7E60-43F8-8CDE-A84114A831C6}"
EndProject
Project("{8BC9CEB8-8B4A-11D0-8D11-00A0C91BC942}") = "2_Back Propagation", "2_Back Propagation\2_Back Propagation.vcxproj", "{F3A4B827-D92B-4207-A671-D32BADCF16BE}"
EndProject
Project("{8BC9CEB8-8B4A-11D0-8D11-00A0C91BC942}") = "Activation Funcs", "Activation Funcs\Activation Funcs.vcxproj", "{05D05970-6542-471E-AF41-3E87DC1CEAA4}"
EndProject
Project("{8BC9CEB8-8B4A-11D0-8D11-00A0C91BC942}") = "Numerical Differentiation", "Numerical Differentiation\Numerical Differentiation.vcxproj", "{65E09151-6BA6-4062-A8F9-2D38E34B4204}"
EndProject
Project("{8BC9CEB8-8B4A-11D0-8D11-00A0C91BC942}") = "Gradient descent method Chain-rule", "3_Gradient descent method Chain-rule\3_Gradient descent method Chain-rule.vcxproj", "{19E52482-C001-4778-AB48-7A22119881EF}"
EndProject
Global
	GlobalSection(SolutionConfigurationPlatforms) = preSolution
		Debug|x64 = Debug|x64
		Debug|x86 = Debug|x86
		Release|x64 = Release|x64
		Release|x86 = Release|x86
	EndGlobalSection
	GlobalSection(ProjectConfigurationPlatforms) = postSolution
		{290B3D63-7E60-43F8-8CDE-A84114A831C6}.Debug|x64.ActiveCfg = Debug|x64
		{290B3D63-7E60-43F8-8CDE-A84114A831C6}.Debug|x64.Build.0 = Debug|x64
		{290B3D63-7E60-43F8-8CDE-A84114A831C6}.Debug|x86.ActiveCfg = Debug|Win32
		{290B3D63-7E60-43F8-8CDE-A84114A831C6}.Debug|x86.Build.0 = Debug|Win32
		{290B3D63-7E60-43F8-8CDE-A84114A831C6}.Release|x64.ActiveCfg = Release|x64
		{290B3D63-7E60-43F8-8CDE-A84114A831C6}.Release|x64.Build.0 = Release|x64
		{290B3D63-7E60-43F8-8CDE-A84114A831C6}.Release|x86.ActiveCfg = Release|Win32
		{290B3D63-7E60-43F8-8CDE-A84114A831C6}.Release|x86.Build.0 = Release|Win32
		{F3A4B827-D92B-4207-A671-D32BADCF16BE}.Debug|x64.ActiveCfg = Debug|x64
		{F3A4B827-D92B-4207-A671-D32BADCF16BE}.Debug|x64.Build.0 = Debug|x64
		{F3A4B827-D92B-4207-A671-D32BADCF16BE}.Debug|x86.ActiveCfg = Debug|Win32
		{F3A4B827-D92B-4207-A671-D32BADCF16BE}.Debug|x86.Build.0 = Debug|Win32
		{F3A4B827-D92B-4207-A671-D32BADCF16BE}.Release|x64.ActiveCfg = Release|x64
		{F3A4B827-D92B-4207-A671-D32BADCF16BE}.Release|x64.Build.0 = Release|x64
		{F3A4B827-D92B-4207-A671-D32BADCF16BE}.Release|x86.ActiveCfg = Release|Win32
		{F3A4B827-D92B-4207-A671-D32BADCF16BE}.Release|x86.Build.0 = Release|Win32
		{05D05970-6542-471E-AF41-3E87DC1CEAA4}.Debug|x64.ActiveCfg = Debug|x64
		{05D05970-6542-471E-AF41-3E87DC1CEAA4}.Debug|x64.Build.0 = Debug|x64
		{05D05970-6542-471E-AF41-3E87DC1CEAA4}.Debug|x86.ActiveCfg = Debug|Win32
		{05D05970-6542-471E-AF41-3E87DC1CEAA4}.Debug|x86.Build.0 = Debug|Win32
		{05D05970-6542-471E-AF41-3E87DC1CEAA4}.Release|x64.ActiveCfg = Release|x64
		{05D05970-6542-471E-AF41-3E87DC1CEAA4}.Release|x64.Build.0 = Release|x64
		{05D05970-6542-471E-AF41-3E87DC1CEAA4}.Release|x86.ActiveCfg = Release|Win32
		{05D05970-6542-471E-AF41-3E87DC1CEAA4}.Release|x86.Build.0 = Release|Win32
		{65E09151-6BA6-4062-A8F9-2D38E34B4204}.Debug|x64.ActiveCfg = Debug|x64
		{65E09151-6BA6-4062-A8F9-2D38E34B4204}.Debug|x64.Build.0 = Debug|x64
		{65E09151-6BA6-4062-A8F9-2D38E34B4204}.Debug|x86.ActiveCfg = Debug|Win32
		{65E09151-6BA6-4062-A8F9-2D38E34B4204}.Debug|x86.Build.0 = Debug|Win32
		{65E09151-6BA6-4062-A8F9-2D38E34B4204}.Release|x64.ActiveCfg = Release|x64
		{65E09151-6BA6-4062-A8F9-2D38E34B4204}.Release|x64.Build.0 = Release|x64
		{65E09151-6BA6-4062-A8F9-2D38E34B4204}.Release|x86.ActiveCfg = Release|Win32
		{65E09151-6BA6-4062-A8F9-2D38E34B4204}.Release|x86.Build.0 = Release|Win32
		{19E52482-C001-4778-AB48-7A22119881EF}.Debug|x64.ActiveCfg = Debug|x64
		{19E52482-C001-4778-AB48-7A22119881EF}.Debug|x64.Build.0 = Debug|x64
		{19E52482-C001-4778-AB48-7A22119881EF}.Debug|x86.ActiveCfg = Debug|Win32
		{19E52482-C001-4778-AB48-7A22119881EF}.Debug|x86.Build.0 = Debug|Win32
		{19E52482-C001-4778-AB48-7A22119881EF}.Release|x64.ActiveCfg = Release|x64
		{19E52482-C001-4778-AB48-7A22119881EF}.Release|x64.Build.0 = Release|x64
		{19E52482-C001-4778-AB48-7A22119881EF}.Release|x86.ActiveCfg = Release|Win32
		{19E52482-C001-4778-AB48-7A22119881EF}.Release|x86.Build.0 = Release|Win32
	EndGlobalSection
	GlobalSection(SolutionProperties) = preSolution
		HideSolutionNode = FALSE
	EndGlobalSection
	GlobalSection(ExtensibilityGlobals) = postSolution
		SolutionGuid = {42AFF4B2-60A8-4286-8241-780B93F0491C}
	EndGlobalSection
EndGlobal
